{
  "version": 4,
  "terraform_version": "1.6.2",
  "serial": 10,
  "lineage": "9e2c15b5-252b-4dd9-29ca-f4e0225dd72c",
  "outputs": {
    "webapp_ips": {
      "value": "20.76.182.236,20.76.183.117,20.76.183.179,20.76.183.214,20.76.183.242,20.86.233.110,20.105.216.1",
      "type": "string"
    },
    "webapp_url": {
      "value": "softunibazarc9vladi.azurewebsites.net",
      "type": "string"
    }
  },
  "resources": [
    {
      "mode": "managed",
      "type": "azurerm_app_service_source_control",
      "name": "repo",
      "provider": "provider[\"registry.terraform.io/hashicorp/azurerm\"]",
      "instances": [
        {
          "schema_version": 0,
          "attributes": {
            "app_id": "/subscriptions/df204248-3e2c-45cd-9b34-6586f95dd865/resourceGroups/SoftUniBazarC9vladi/providers/Microsoft.Web/sites/softunibazarc9vladi",
            "branch": "main",
            "github_action_configuration": [],
            "id": "/subscriptions/df204248-3e2c-45cd-9b34-6586f95dd865/resourceGroups/SoftUniBazarC9vladi/providers/Microsoft.Web/sites/softunibazarc9vladi",
            "repo_url": "https://github.com/vvladimirov-qb/SoftuniBazar",
            "rollback_enabled": false,
            "scm_type": "ExternalGit",
            "timeouts": null,
            "use_local_git": false,
            "use_manual_integration": true,
            "use_mercurial": false,
            "uses_github_action": false
          },
          "sensitive_attributes": [],
          "private": "eyJlMmJmYjczMC1lY2FhLTExZTYtOGY4OC0zNDM2M2JjN2M0YzAiOnsiY3JlYXRlIjoxODAwMDAwMDAwMDAwLCJkZWxldGUiOjE4MDAwMDAwMDAwMDAsInJlYWQiOjMwMDAwMDAwMDAwMH19",
          "dependencies": [
            "azurerm_linux_web_app.softunibazar",
            "azurerm_mssql_database.database",
            "azurerm_mssql_server.sqlserver",
            "azurerm_resource_group.c9vladibazarsrg",
            "azurerm_service_plan.service"
          ]
        }
      ]
    },
    {
      "mode": "managed",
      "type": "azurerm_linux_web_app",
      "name": "softunibazar",
      "provider": "provider[\"registry.terraform.io/hashicorp/azurerm\"]",
      "instances": [
        {
          "schema_version": 0,
          "attributes": {
            "app_settings": null,
            "auth_settings": [
              {
                "active_directory": [],
                "additional_login_parameters": {},
                "allowed_external_redirect_urls": [],
                "default_provider": "",
                "enabled": false,
                "facebook": [],
                "github": [],
                "google": [],
                "issuer": "",
                "microsoft": [],
                "runtime_version": "",
                "token_refresh_extension_hours": 0,
                "token_store_enabled": false,
                "twitter": [],
                "unauthenticated_client_action": ""
              }
            ],
            "backup": [],
            "client_affinity_enabled": false,
            "client_certificate_enabled": false,
            "client_certificate_mode": "Required",
            "connection_string": [
              {
                "name": "DefaultConnection",
                "type": "SQLAzure",
                "value": "Data Source=tcp:softunibazarddb.database.windows.net,1433;Initial Catalog=SoftuniBazarDB;User ID=missadministrator;Password=myStrongPassword12#;Trusted_Connection=False; MultipleActiveResultSets=True;"
              }
            ],
            "custom_domain_verification_id": "E1245BE6674B92994D8A83A8EB178903A22CD86F7C569399CE1BC5EE029B20B4",
            "default_hostname": "softunibazarc9vladi.azurewebsites.net",
            "enabled": true,
            "https_only": false,
            "id": "/subscriptions/df204248-3e2c-45cd-9b34-6586f95dd865/resourceGroups/SoftUniBazarC9vladi/providers/Microsoft.Web/sites/softunibazarc9vladi",
            "identity": [],
            "key_vault_reference_identity_id": "SystemAssigned",
            "kind": "app,linux",
            "location": "westeurope",
            "logs": [],
            "name": "softunibazarc9vladi",
            "outbound_ip_address_list": [
              "20.76.182.236",
              "20.76.183.117",
              "20.76.183.179",
              "20.76.183.214",
              "20.76.183.242",
              "20.86.233.110",
              "20.105.216.1"
            ],
            "outbound_ip_addresses": "20.76.182.236,20.76.183.117,20.76.183.179,20.76.183.214,20.76.183.242,20.86.233.110,20.105.216.1",
            "possible_outbound_ip_address_list": [
              "20.76.182.236",
              "20.76.183.117",
              "20.76.183.179",
              "20.76.183.214",
              "20.76.183.242",
              "20.86.233.110",
              "20.86.233.200",
              "20.86.233.238",
              "20.86.234.58",
              "20.86.235.27",
              "20.86.235.42",
              "20.86.235.96",
              "20.86.235.138",
              "20.86.235.171",
              "20.86.235.218",
              "20.86.236.15",
              "20.86.236.87",
              "20.86.236.162",
              "20.86.236.193",
              "20.86.236.207",
              "20.86.236.223",
              "20.86.236.227",
              "20.86.236.241",
              "20.86.236.251",
              "20.105.216.1"
            ],
            "possible_outbound_ip_addresses": "20.76.182.236,20.76.183.117,20.76.183.179,20.76.183.214,20.76.183.242,20.86.233.110,20.86.233.200,20.86.233.238,20.86.234.58,20.86.235.27,20.86.235.42,20.86.235.96,20.86.235.138,20.86.235.171,20.86.235.218,20.86.236.15,20.86.236.87,20.86.236.162,20.86.236.193,20.86.236.207,20.86.236.223,20.86.236.227,20.86.236.241,20.86.236.251,20.105.216.1",
            "resource_group_name": "SoftUniBazarC9vladi",
            "service_plan_id": "/subscriptions/df204248-3e2c-45cd-9b34-6586f95dd865/resourceGroups/SoftUniBazarC9vladi/providers/Microsoft.Web/serverfarms/softuni-bazar-plan",
            "site_config": [
              {
                "always_on": false,
                "api_definition_url": "",
                "api_management_api_id": "",
                "app_command_line": "",
                "application_stack": [
                  {
                    "docker_image": "",
                    "docker_image_tag": "",
                    "dotnet_version": "6.0",
                    "java_server": "",
                    "java_server_version": "",
                    "java_version": "",
                    "node_version": "",
                    "php_version": "",
                    "python_version": "",
                    "ruby_version": ""
                  }
                ],
                "auto_heal_enabled": false,
                "auto_heal_setting": [],
                "container_registry_managed_identity_client_id": "",
                "container_registry_use_managed_identity": false,
                "cors": [],
                "default_documents": [
                  "Default.htm",
                  "Default.html",
                  "Default.asp",
                  "index.htm",
                  "index.html",
                  "iisstart.htm",
                  "default.aspx",
                  "index.php",
                  "hostingstart.html"
                ],
                "detailed_error_logging_enabled": false,
                "ftps_state": "Disabled",
                "health_check_eviction_time_in_min": 0,
                "health_check_path": "",
                "http2_enabled": false,
                "ip_restriction": [],
                "linux_fx_version": "DOTNETCORE|6.0",
                "load_balancing_mode": "LeastRequests",
                "local_mysql_enabled": false,
                "managed_pipeline_mode": "Integrated",
                "minimum_tls_version": "1.2",
                "remote_debugging_enabled": false,
                "remote_debugging_version": "VS2019",
                "scm_ip_restriction": [],
                "scm_minimum_tls_version": "1.2",
                "scm_type": "None",
                "scm_use_main_ip_restriction": false,
                "use_32_bit_worker": true,
                "vnet_route_all_enabled": false,
                "websockets_enabled": false,
                "worker_count": 1
              }
            ],
            "site_credential": [
              {
                "name": "$softunibazarc9vladi",
                "password": "3wHgj0K933JN9hzbxn4jvAeFjyyP6STgZs4cngcRfJSe2qxWe4ENWLGR84Fg"
              }
            ],
            "storage_account": [],
            "tags": null,
            "timeouts": null
          },
          "sensitive_attributes": [
            [
              {
                "type": "get_attr",
                "value": "connection_string"
              }
            ]
          ],
          "private": "eyJlMmJmYjczMC1lY2FhLTExZTYtOGY4OC0zNDM2M2JjN2M0YzAiOnsiY3JlYXRlIjoxODAwMDAwMDAwMDAwLCJkZWxldGUiOjE4MDAwMDAwMDAwMDAsInJlYWQiOjMwMDAwMDAwMDAwMCwidXBkYXRlIjoxODAwMDAwMDAwMDAwfX0=",
          "dependencies": [
            "azurerm_mssql_database.database",
            "azurerm_mssql_server.sqlserver",
            "azurerm_resource_group.c9vladibazarsrg",
            "azurerm_service_plan.service"
          ]
        }
      ]
    },
    {
      "mode": "managed",
      "type": "azurerm_mssql_database",
      "name": "database",
      "provider": "provider[\"registry.terraform.io/hashicorp/azurerm\"]",
      "instances": [
        {
          "schema_version": 1,
          "attributes": {
            "auto_pause_delay_in_minutes": 0,
            "collation": "SQL_Latin1_General_CP1_CI_AS",
            "create_mode": "Default",
            "creation_source_database_id": null,
            "elastic_pool_id": "",
            "geo_backup_enabled": true,
            "id": "/subscriptions/df204248-3e2c-45cd-9b34-6586f95dd865/resourceGroups/SoftUniBazarC9vladi/providers/Microsoft.Sql/servers/softunibazarddb/databases/SoftuniBazarDB",
            "license_type": "",
            "long_term_retention_policy": [
              {
                "monthly_retention": "PT0S",
                "week_of_year": 0,
                "weekly_retention": "PT0S",
                "yearly_retention": "PT0S"
              }
            ],
            "max_size_gb": 2,
            "min_capacity": 0,
            "name": "SoftuniBazarDB",
            "read_replica_count": 0,
            "read_scale": false,
            "recover_database_id": null,
            "restore_dropped_database_id": null,
            "restore_point_in_time": null,
            "sample_name": null,
            "server_id": "/subscriptions/df204248-3e2c-45cd-9b34-6586f95dd865/resourceGroups/SoftUniBazarC9vladi/providers/Microsoft.Sql/servers/softunibazarddb",
            "short_term_retention_policy": [
              {
                "retention_days": 7
              }
            ],
            "sku_name": "S0",
            "storage_account_type": "Geo",
            "tags": null,
            "threat_detection_policy": [
              {
                "disabled_alerts": [],
                "email_account_admins": "Disabled",
                "email_addresses": [],
                "retention_days": 0,
                "state": "Disabled",
                "storage_account_access_key": "",
                "storage_endpoint": ""
              }
            ],
            "timeouts": null,
            "transparent_data_encryption_enabled": true,
            "zone_redundant": false
          },
          "sensitive_attributes": [],
          "private": "eyJlMmJmYjczMC1lY2FhLTExZTYtOGY4OC0zNDM2M2JjN2M0YzAiOnsiY3JlYXRlIjozNjAwMDAwMDAwMDAwLCJkZWxldGUiOjM2MDAwMDAwMDAwMDAsInJlYWQiOjMwMDAwMDAwMDAwMCwidXBkYXRlIjozNjAwMDAwMDAwMDAwfSwic2NoZW1hX3ZlcnNpb24iOiIxIn0=",
          "dependencies": [
            "azurerm_mssql_server.sqlserver",
            "azurerm_resource_group.c9vladibazarsrg"
          ]
        }
      ]
    },
    {
      "mode": "managed",
      "type": "azurerm_mssql_firewall_rule",
      "name": "firewall",
      "provider": "provider[\"registry.terraform.io/hashicorp/azurerm\"]",
      "instances": [
        {
          "schema_version": 0,
          "attributes": {
            "end_ip_address": "0.0.0.0",
            "id": "/subscriptions/df204248-3e2c-45cd-9b34-6586f95dd865/resourceGroups/SoftUniBazarC9vladi/providers/Microsoft.Sql/servers/softunibazarddb/firewallRules/SoftuniBazarFirewallRule",
            "name": "SoftuniBazarFirewallRule",
            "server_id": "/subscriptions/df204248-3e2c-45cd-9b34-6586f95dd865/resourceGroups/SoftUniBazarC9vladi/providers/Microsoft.Sql/servers/softunibazarddb",
            "start_ip_address": "0.0.0.0",
            "timeouts": null
          },
          "sensitive_attributes": [],
          "private": "eyJlMmJmYjczMC1lY2FhLTExZTYtOGY4OC0zNDM2M2JjN2M0YzAiOnsiY3JlYXRlIjoxODAwMDAwMDAwMDAwLCJkZWxldGUiOjE4MDAwMDAwMDAwMDAsInJlYWQiOjMwMDAwMDAwMDAwMCwidXBkYXRlIjoxODAwMDAwMDAwMDAwfX0=",
          "dependencies": [
            "azurerm_mssql_server.sqlserver",
            "azurerm_resource_group.c9vladibazarsrg"
          ]
        }
      ]
    },
    {
      "mode": "managed",
      "type": "azurerm_mssql_server",
      "name": "sqlserver",
      "provider": "provider[\"registry.terraform.io/hashicorp/azurerm\"]",
      "instances": [
        {
          "schema_version": 0,
          "attributes": {
            "administrator_login": "missadministrator",
            "administrator_login_password": "myStrongPassword12#",
            "azuread_administrator": [],
            "connection_policy": "Default",
            "fully_qualified_domain_name": "softunibazarddb.database.windows.net",
            "id": "/subscriptions/df204248-3e2c-45cd-9b34-6586f95dd865/resourceGroups/SoftUniBazarC9vladi/providers/Microsoft.Sql/servers/softunibazarddb",
            "identity": [],
            "location": "westeurope",
            "minimum_tls_version": "1.2",
            "name": "softunibazarddb",
            "outbound_network_restriction_enabled": false,
            "primary_user_assigned_identity_id": "",
            "public_network_access_enabled": true,
            "resource_group_name": "SoftUniBazarC9vladi",
            "restorable_dropped_database_ids": [],
            "tags": null,
            "timeouts": null,
            "version": "12.0"
          },
          "sensitive_attributes": [],
          "private": "eyJlMmJmYjczMC1lY2FhLTExZTYtOGY4OC0zNDM2M2JjN2M0YzAiOnsiY3JlYXRlIjozNjAwMDAwMDAwMDAwLCJkZWxldGUiOjM2MDAwMDAwMDAwMDAsInJlYWQiOjMwMDAwMDAwMDAwMCwidXBkYXRlIjozNjAwMDAwMDAwMDAwfX0=",
          "dependencies": [
            "azurerm_resource_group.c9vladibazarsrg"
          ]
        }
      ]
    },
    {
      "mode": "managed",
      "type": "azurerm_resource_group",
      "name": "c9vladibazarsrg",
      "provider": "provider[\"registry.terraform.io/hashicorp/azurerm\"]",
      "instances": [
        {
          "schema_version": 0,
          "attributes": {
            "id": "/subscriptions/df204248-3e2c-45cd-9b34-6586f95dd865/resourceGroups/SoftUniBazarC9vladi",
            "location": "westeurope",
            "name": "SoftUniBazarC9vladi",
            "tags": {},
            "timeouts": null
          },
          "sensitive_attributes": [],
          "private": "eyJlMmJmYjczMC1lY2FhLTExZTYtOGY4OC0zNDM2M2JjN2M0YzAiOnsiY3JlYXRlIjo1NDAwMDAwMDAwMDAwLCJkZWxldGUiOjU0MDAwMDAwMDAwMDAsInJlYWQiOjMwMDAwMDAwMDAwMCwidXBkYXRlIjo1NDAwMDAwMDAwMDAwfX0="
        }
      ]
    },
    {
      "mode": "managed",
      "type": "azurerm_service_plan",
      "name": "service",
      "provider": "provider[\"registry.terraform.io/hashicorp/azurerm\"]",
      "instances": [
        {
          "schema_version": 0,
          "attributes": {
            "app_service_environment_id": "",
            "id": "/subscriptions/df204248-3e2c-45cd-9b34-6586f95dd865/resourceGroups/SoftUniBazarC9vladi/providers/Microsoft.Web/serverfarms/softuni-bazar-plan",
            "kind": "linux",
            "location": "westeurope",
            "maximum_elastic_worker_count": 1,
            "name": "softuni-bazar-plan",
            "os_type": "Linux",
            "per_site_scaling_enabled": false,
            "reserved": true,
            "resource_group_name": "SoftUniBazarC9vladi",
            "sku_name": "F1",
            "tags": {},
            "timeouts": null,
            "worker_count": 1
          },
          "sensitive_attributes": [],
          "private": "eyJlMmJmYjczMC1lY2FhLTExZTYtOGY4OC0zNDM2M2JjN2M0YzAiOnsiY3JlYXRlIjozNjAwMDAwMDAwMDAwLCJkZWxldGUiOjM2MDAwMDAwMDAwMDAsInJlYWQiOjMwMDAwMDAwMDAwMCwidXBkYXRlIjozNjAwMDAwMDAwMDAwfX0=",
          "dependencies": [
            "azurerm_resource_group.c9vladibazarsrg"
          ]
        }
      ]
    }
  ],
  "check_results": null
}
